{
  "name": "pi-browser",
  "version": "0.1.0",
  "lockfileVersion": 3,
  "requires": true,
  "packages": {
    "": {
      "name": "pi-browser",
      "version": "0.1.0",
      "dependencies": {
        "chromex-mcp": "latest"
      }
    },
    "node_modules/chromex-mcp": {
      "version": "1.5.0",
      "resolved": "https://registry.npmjs.org/chromex-mcp/-/chromex-mcp-1.5.0.tgz",
      "integrity": "sha512-REDzZfL36ovLeU73/mGnQKFnu+chXKBCr/GRQrQzzY9m8GrqwJ40qk9KpZ1ee+VQ+c6GfOsMM+nlr9Fs8a03Ew==",
      "license": "MIT",
      "bin": {
        "chromex": "bin/chromex.mjs",
        "chromex-cli": "bin/chromex-cli.mjs",
        "chromex-mcp": "bin/chromex-mcp.mjs"
      },
      "engines": {
        "node": ">=22.0.0"
      }
    }
  }
}
